Microsoft Visual Studio Solution File, Format Version 12.00
# Visual Studio Version 17
VisualStudioVersion = 17.5.2.0
MinimumVisualStudioVersion = 10.0.40219.1
Project("{2150E333-8FDC-42A3-9474-1A3956D46DE8}") = "DataShowcase", "DataShowcase", "{BD303F80-048A-A4F6-7ED7-324AF4509106}"
EndProject
Project("{FAE04EC0-301F-11D3-BF4B-00C04F79EFBC}") = "DataShowcase.Web", "DataShowcase\DataShowcase.Web\DataShowcase.Web.csproj", "{3ED6042E-ECAD-8A64-4787-D632CC25FBF7}"
EndProject
Global
	GlobalSection(SolutionConfigurationPlatforms) = preSolution
		Debug|Any CPU = Debug|Any CPU
		Release|Any CPU = Release|Any CPU
	EndGlobalSection
	GlobalSection(ProjectConfigurationPlatforms) = postSolution
		{3ED6042E-ECAD-8A64-4787-D632CC25FBF7}.Debug|Any CPU.ActiveCfg = Debug|Any CPU
		{3ED6042E-ECAD-8A64-4787-D632CC25FBF7}.Debug|Any CPU.Build.0 = Debug|Any CPU
		{3ED6042E-ECAD-8A64-4787-D632CC25FBF7}.Release|Any CPU.ActiveCfg = Release|Any CPU
		{3ED6042E-ECAD-8A64-4787-D632CC25FBF7}.Release|Any CPU.Build.0 = Release|Any CPU
	EndGlobalSection
	GlobalSection(SolutionProperties) = preSolution
		HideSolutionNode = FALSE
	EndGlobalSection
	GlobalSection(NestedProjects) = preSolution
		{3ED6042E-ECAD-8A64-4787-D632CC25FBF7} = {BD303F80-048A-A4F6-7ED7-324AF4509106}
	EndGlobalSection
	GlobalSection(ExtensibilityGlobals) = postSolution
		SolutionGuid = {89016062-9F30-46F5-B541-7A8E46EF8DED}
	EndGlobalSection
EndGlobal
